
Microsoft Visual Studio Solution File, Format Version 12.00
# Visual Studio Version 17
VisualStudioVersion = 17.6.33815.320
MinimumVisualStudioVersion = 10.0.40219.1
Project("{FAE04EC0-301F-11D3-BF4B-00C04F79EFBC}") = "Tarsas", "Tarsas\Tarsas.csproj", "{54DEC4DC-D235-41B4-AFFC-8A17FD754203}"
EndProject
Global
	GlobalSection(SolutionConfigurationPlatforms) = preSolution
		Debug|Any CPU = Debug|Any CPU
		Release|Any CPU = Release|Any CPU
	EndGlobalSection
	GlobalSection(ProjectConfigurationPlatforms) = postSolution
		{54DEC4DC-D235-41B4-AFFC-8A17FD754203}.Debug|Any CPU.ActiveCfg = Debug|Any CPU
		{54DEC4DC-D235-41B4-AFFC-8A17FD754203}.Debug|Any CPU.Build.0 = Debug|Any CPU
		{54DEC4DC-D235-41B4-AFFC-8A17FD754203}.Release|Any CPU.ActiveCfg = Release|Any CPU
		{54DEC4DC-D235-41B4-AFFC-8A17FD754203}.Release|Any CPU.Build.0 = Release|Any CPU
	EndGlobalSection
	GlobalSection(SolutionProperties) = preSolution
		HideSolutionNode = FALSE
	EndGlobalSection
	GlobalSection(ExtensibilityGlobals) = postSolution
		SolutionGuid = {EFFDF662-ACC4-4F2E-9A80-BC4C7F2C8885}
	EndGlobalSection
EndGlobal
